
Microsoft Visual Studio Solution File, Format Version 12.00
# Visual Studio 15
VisualStudioVersion = 15.0.27130.2010
MinimumVisualStudioVersion = 10.0.40219.1
Project("{FAE04EC0-301F-11D3-BF4B-00C04F79EFBC}") = "BinaryCounter_Parallel", "BinaryCounter_Parallel\BinaryCounter_Parallel.csproj", "{315DDEBA-0F7A-42DA-A6F0-8C42D0AEA572}"
EndProject
Global
	GlobalSection(SolutionConfigurationPlatforms) = preSolution
		Debug|Any CPU = Debug|Any CPU
		Release|Any CPU = Release|Any CPU
	EndGlobalSection
	GlobalSection(ProjectConfigurationPlatforms) = postSolution
		{315DDEBA-0F7A-42DA-A6F0-8C42D0AEA572}.Debug|Any CPU.ActiveCfg = Debug|Any CPU
		{315DDEBA-0F7A-42DA-A6F0-8C42D0AEA572}.Debug|Any CPU.Build.0 = Debug|Any CPU
		{315DDEBA-0F7A-42DA-A6F0-8C42D0AEA572}.Release|Any CPU.ActiveCfg = Release|Any CPU
		{315DDEBA-0F7A-42DA-A6F0-8C42D0AEA572}.Release|Any CPU.Build.0 = Release|Any CPU
	EndGlobalSection
	GlobalSection(SolutionProperties) = preSolution
		HideSolutionNode = FALSE
	EndGlobalSection
	GlobalSection(ExtensibilityGlobals) = postSolution
		SolutionGuid = {C5ED1FE8-A948-4322-9461-8366A95D351F}
	EndGlobalSection
EndGlobal
